# THIS IS AN AUTOGENERATED FILE. DO NOT EDIT THIS FILE DIRECTLY.
# yarn lockfile v1


vanilla-js-wheel-zoom@^5.0.9:
  version "5.0.9"
  resolved "https://registry.yarnpkg.com/vanilla-js-wheel-zoom/-/vanilla-js-wheel-zoom-5.0.9.tgz#dbb75fd646b869960620f197078ffabfee11408f"
  integrity sha512-ulI7OurJo76OTeX6BTZAPN8wX2b5wYKCHSd2hqu5tnekxDNpOLD6Vq6Knkv1mbEl15lPqyPZVrM+IBYffhxVqg==
